
Microsoft Visual Studio Solution File, Format Version 12.00
# Visual Studio 14
VisualStudioVersion = 14.0.25123.0
MinimumVisualStudioVersion = 10.0.40219.1
Project("{2FEFB8DA-713F-4D12-8AB0-0744E02A4E00}") = "Sitecore.Support.406261", "Sitecore.Support.406261\Sitecore.Support.406261.csproj", "{D14EDEBC-C93F-4FD8-B25B-523F10814801}"
EndProject
Global
	GlobalSection(SolutionConfigurationPlatforms) = preSolution
		Debug|Any CPU = Debug|Any CPU
		Release|Any CPU = Release|Any CPU
	EndGlobalSection
	GlobalSection(ProjectConfigurationPlatforms) = postSolution
		{D14EDEBC-C93F-4FD8-B25B-523F10814801}.Debug|Any CPU.ActiveCfg = Debug|Any CPU
		{D14EDEBC-C93F-4FD8-B25B-523F10814801}.Debug|Any CPU.Build.0 = Debug|Any CPU
		{D14EDEBC-C93F-4FD8-B25B-523F10814801}.Release|Any CPU.ActiveCfg = Release|Any CPU
		{D14EDEBC-C93F-4FD8-B25B-523F10814801}.Release|Any CPU.Build.0 = Release|Any CPU
	EndGlobalSection
	GlobalSection(SolutionProperties) = preSolution
		HideSolutionNode = FALSE
	EndGlobalSection
EndGlobal
